// !$*UTF8*$!
{
	archiveVersion = 1;
	classes = {
	};
	objectVersion = 46;
	objects = {

/* Begin PBXBuildFile section */
		0E126F041DFF25E800E340A1 /* SettingsFooterView.xib in Resources */ = {isa = PBXBuildFile; fileRef = 0E126F031DFF25E800E340A1 /* SettingsFooterView.xib */; };
		0E1ACF261D2067B800E8F5FD /* NavigationController.swift in Sources */ = {isa = PBXBuildFile; fileRef = 0E1ACF251D2067B800E8F5FD /* NavigationController.swift */; };
		0E1DE2991C22B8950041D864 /* EKAlarmManager.swift in Sources */ = {isa = PBXBuildFile; fileRef = 0E1DE2981C22B8950041D864 /* EKAlarmManager.swift */; };
		0E27BF4F1C16E5BC0053D90D /* RemindMeEditViewController.swift in Sources */ = {isa = PBXBuildFile; fileRef = 0E27BF4E1C16E5BC0053D90D /* RemindMeEditViewController.swift */; };
		0E2B58211DA6D892007DFBB8 /* MapViewController.swift in Sources */ = {isa = PBXBuildFile; fileRef = 0E2B58201DA6D892007DFBB8 /* MapViewController.swift */; };
		0E2BD26E1E43675D00E402B0 /* Utilities.swift in Sources */ = {isa = PBXBuildFile; fileRef = 0E2BD26D1E43675C00E402B0 /* Utilities.swift */; };
		0E2C30CC1CEB2A1800DD87A4 /* ReminderFacade.swift in Sources */ = {isa = PBXBuildFile; fileRef = 0E2C30CA1CEB2A1800DD87A4 /* ReminderFacade.swift */; };
		0E2C30CE1CEB2A3600DD87A4 /* StorageFacadeProtocol.swift in Sources */ = {isa = PBXBuildFile; fileRef = 0E2C30CD1CEB2A3600DD87A4 /* StorageFacadeProtocol.swift */; };
		0E2C30D11CEB2AAE00DD87A4 /* ReminderRepository.swift in Sources */ = {isa = PBXBuildFile; fileRef = 0E2C30D01CEB2AAE00DD87A4 /* ReminderRepository.swift */; };
		0E2C30D31CEB2AE500DD87A4 /* RemindMeItem.swift in Sources */ = {isa = PBXBuildFile; fileRef = 0E2C30D21CEB2AE500DD87A4 /* RemindMeItem.swift */; };
		0E2C30D51CEB2B7000DD87A4 /* StorageFacadeFactory.swift in Sources */ = {isa = PBXBuildFile; fileRef = 0E2C30D41CEB2B7000DD87A4 /* StorageFacadeFactory.swift */; };
		0E2C30D71CEB2BEE00DD87A4 /* Reminder.swift in Sources */ = {isa = PBXBuildFile; fileRef = 0E2C30D61CEB2BEE00DD87A4 /* Reminder.swift */; };
		0E2E3DA81C98099100D64CA2 /* Setting.xcdatamodeld in Sources */ = {isa = PBXBuildFile; fileRef = 0E2E3DA61C98099100D64CA2 /* Setting.xcdatamodeld */; };
		0E2E3DCD1C981F1000D64CA2 /* SettingRepository.swift in Sources */ = {isa = PBXBuildFile; fileRef = 0E2E3DCC1C981F1000D64CA2 /* SettingRepository.swift */; };
		0E3388CA1E0C4A3500BFEE14 /* CoreDataManager.swift in Sources */ = {isa = PBXBuildFile; fileRef = 0E3388C91E0C4A3500BFEE14 /* CoreDataManager.swift */; };
		0E3388CB1E0C4FFC00BFEE14 /* CoreDataManager.swift in Sources */ = {isa = PBXBuildFile; fileRef = 0E3388C91E0C4A3500BFEE14 /* CoreDataManager.swift */; };
		0E39D2D41E4E031E00639B27 /* ReminderItemSequenceRepository.swift in Sources */ = {isa = PBXBuildFile; fileRef = 0E39D2D31E4E031E00639B27 /* ReminderItemSequenceRepository.swift */; };
		0E40FE2C1C0702EC00ACB6F6 /* AppDelegate.swift in Sources */ = {isa = PBXBuildFile; fileRef = 0E40FE2B1C0702EC00ACB6F6 /* AppDelegate.swift */; };
		0E40FE2E1C0702EC00ACB6F6 /* RemindMeViewController.swift in Sources */ = {isa = PBXBuildFile; fileRef = 0E40FE2D1C0702EC00ACB6F6 /* RemindMeViewController.swift */; };
		0E40FE311C0702EC00ACB6F6 /* Main.storyboard in Resources */ = {isa = PBXBuildFile; fileRef = 0E40FE2F1C0702EC00ACB6F6 /* Main.storyboard */; };
		0E40FE331C0702EC00ACB6F6 /* Assets.xcassets in Resources */ = {isa = PBXBuildFile; fileRef = 0E40FE321C0702EC00ACB6F6 /* Assets.xcassets */; };
		0E4F75AB1C3BBDA9003AFF2C /* SettingsTableViewController.swift in Sources */ = {isa = PBXBuildFile; fileRef = 0E4F75AA1C3BBDA9003AFF2C /* SettingsTableViewController.swift */; };
		0E4F75AD1C3BBF28003AFF2C /* SettingsTableViewCell.swift in Sources */ = {isa = PBXBuildFile; fileRef = 0E4F75AC1C3BBF28003AFF2C /* SettingsTableViewCell.swift */; };
		0E4F75AF1C3BC0B4003AFF2C /* Setting.swift in Sources */ = {isa = PBXBuildFile; fileRef = 0E4F75AE1C3BC0B4003AFF2C /* Setting.swift */; };
		0E514DE81C8ED12100028AF8 /* ReminderItemSequence.swift in Sources */ = {isa = PBXBuildFile; fileRef = 0E514DE71C8ED12100028AF8 /* ReminderItemSequence.swift */; };
		0E565C721C0DAA7700057488 /* RemindMeTableViewCell.swift in Sources */ = {isa = PBXBuildFile; fileRef = 0E565C711C0DAA7700057488 /* RemindMeTableViewCell.swift */; };
		0E5803281E09B44500CEDD55 /* NotificationCenter.framework in Frameworks */ = {isa = PBXBuildFile; fileRef = 0E5803271E09B44500CEDD55 /* NotificationCenter.framework */; };
		0E58032B1E09B44500CEDD55 /* TodayViewController.swift in Sources */ = {isa = PBXBuildFile; fileRef = 0E58032A1E09B44500CEDD55 /* TodayViewController.swift */; };
		0E58032E1E09B44500CEDD55 /* MainInterface.storyboard in Resources */ = {isa = PBXBuildFile; fileRef = 0E58032C1E09B44500CEDD55 /* MainInterface.storyboard */; };
		0E5803321E09B44500CEDD55 /* TodayExtension.appex in Embed App Extensions */ = {isa = PBXBuildFile; fileRef = 0E5803251E09B44500CEDD55 /* TodayExtension.appex */; settings = {ATTRIBUTES = (RemoveHeadersOnCopy, ); }; };
		0E5803381E09B49D00CEDD55 /* RemindMeTableViewCell.swift in Sources */ = {isa = PBXBuildFile; fileRef = 0E5803371E09B49D00CEDD55 /* RemindMeTableViewCell.swift */; };
		0E5803391E09B4CC00CEDD55 /* NSDateManager.swift in Sources */ = {isa = PBXBuildFile; fileRef = 0E8B72B81C153D69000C71D7 /* NSDateManager.swift */; };
		0E58033A1E09B4D400CEDD55 /* RemindMeItem.swift in Sources */ = {isa = PBXBuildFile; fileRef = 0E2C30D21CEB2AE500DD87A4 /* RemindMeItem.swift */; };
		0E58033B1E09B72400CEDD55 /* LocalNotificationManager.swift in Sources */ = {isa = PBXBuildFile; fileRef = 0E94040F1CFE189900980DAD /* LocalNotificationManager.swift */; };
		0E58033C1E09B9C300CEDD55 /* Constants.swift in Sources */ = {isa = PBXBuildFile; fileRef = 0EE685851C0C656100E3317D /* Constants.swift */; };
		0E58033D1E09BDF400CEDD55 /* Setting.xcdatamodeld in Sources */ = {isa = PBXBuildFile; fileRef = 0E2E3DA61C98099100D64CA2 /* Setting.xcdatamodeld */; };
		0E5803401E09BED300CEDD55 /* ReminderFacade.swift in Sources */ = {isa = PBXBuildFile; fileRef = 0E2C30CA1CEB2A1800DD87A4 /* ReminderFacade.swift */; };
		0E5803421E09BF6000CEDD55 /* ReminderRepository.swift in Sources */ = {isa = PBXBuildFile; fileRef = 0E2C30D01CEB2AAE00DD87A4 /* ReminderRepository.swift */; };
		0E5803431E09BFC200CEDD55 /* Reminder.swift in Sources */ = {isa = PBXBuildFile; fileRef = 0E2C30D61CEB2BEE00DD87A4 /* Reminder.swift */; };
		0E5803441E09C00F00CEDD55 /* StorageFacadeProtocol.swift in Sources */ = {isa = PBXBuildFile; fileRef = 0E2C30CD1CEB2A3600DD87A4 /* StorageFacadeProtocol.swift */; };
		0E5839301C43AB4900FA3138 /* ReminderTimeTableViewController.swift in Sources */ = {isa = PBXBuildFile; fileRef = 0E58392F1C43AB4900FA3138 /* ReminderTimeTableViewController.swift */; };
		0E5839321C43AC8D00FA3138 /* ReminderTimeTableViewCell.swift in Sources */ = {isa = PBXBuildFile; fileRef = 0E5839311C43AC8D00FA3138 /* ReminderTimeTableViewCell.swift */; };
		0E5839341C43B10300FA3138 /* ReminderTimeTableViewCellItem.swift in Sources */ = {isa = PBXBuildFile; fileRef = 0E5839331C43B10300FA3138 /* ReminderTimeTableViewCellItem.swift */; };
		0E6F9F131E255916003CE167 /* LocationSearchTable.swift in Sources */ = {isa = PBXBuildFile; fileRef = 0E6F9F121E255916003CE167 /* LocationSearchTable.swift */; };
		0E8B72B91C153D69000C71D7 /* NSDateManager.swift in Sources */ = {isa = PBXBuildFile; fileRef = 0E8B72B81C153D69000C71D7 /* NSDateManager.swift */; };
		0E932BEF1C7C55290010CE0F /* TableRowSpacer.swift in Sources */ = {isa = PBXBuildFile; fileRef = 0E932BEE1C7C55290010CE0F /* TableRowSpacer.swift */; };
		0E932BF11C7C55A10010CE0F /* TableRowFooterAddNew.swift in Sources */ = {isa = PBXBuildFile; fileRef = 0E932BF01C7C55A10010CE0F /* TableRowFooterAddNew.swift */; };
		0E9404101CFE189900980DAD /* LocalNotificationManager.swift in Sources */ = {isa = PBXBuildFile; fileRef = 0E94040F1CFE189900980DAD /* LocalNotificationManager.swift */; };
		0E96301B1E4FC24700600A14 /* Utilities.swift in Sources */ = {isa = PBXBuildFile; fileRef = 0E2BD26D1E43675C00E402B0 /* Utilities.swift */; };
		0E96301D1E4FD57F00600A14 /* SettingItem.swift in Sources */ = {isa = PBXBuildFile; fileRef = 0E96301C1E4FD57F00600A14 /* SettingItem.swift */; };
		0E96301F1E4FD8C300600A14 /* SettingFacade.swift in Sources */ = {isa = PBXBuildFile; fileRef = 0E96301E1E4FD8C300600A14 /* SettingFacade.swift */; };
		0E9630211E4FD97200600A14 /* SettingFacadeProtocol.swift in Sources */ = {isa = PBXBuildFile; fileRef = 0E9630201E4FD97200600A14 /* SettingFacadeProtocol.swift */; };
		0EC042661E51DF19002B4DDD /* SettingFacadeFactory.swift in Sources */ = {isa = PBXBuildFile; fileRef = 0EC042651E51DF19002B4DDD /* SettingFacadeFactory.swift */; };
		0ED2E8AE1C844FA6009570EB /* TableRowSettingsFooterAddNew.swift in Sources */ = {isa = PBXBuildFile; fileRef = 0ED2E8AD1C844FA6009570EB /* TableRowSettingsFooterAddNew.swift */; };
		0ED572CE1E694F0700DD7A9B /* Extensions.swift in Sources */ = {isa = PBXBuildFile; fileRef = 0ED572CD1E694F0700DD7A9B /* Extensions.swift */; };
		0EE685861C0C656100E3317D /* Constants.swift in Sources */ = {isa = PBXBuildFile; fileRef = 0EE685851C0C656100E3317D /* Constants.swift */; };
/* End PBXBuildFile section */

/* Begin PBXContainerItemProxy section */
		0E5803301E09B44500CEDD55 /* PBXContainerItemProxy */ = {
			isa = PBXContainerItemProxy;
			containerPortal = 0E40FE201C0702EC00ACB6F6 /* Project object */;
			proxyType = 1;
			remoteGlobalIDString = 0E5803241E09B44500CEDD55;
			remoteInfo = TodayExtension;
		};
/* End PBXContainerItemProxy section */

/* Begin PBXCopyFilesBuildPhase section */
		0E5803361E09B44600CEDD55 /* Embed App Extensions */ = {
			isa = PBXCopyFilesBuildPhase;
			buildActionMask = 2147483647;
			dstPath = "";
			dstSubfolderSpec = 13;
			files = (
				0E5803321E09B44500CEDD55 /* TodayExtension.appex in Embed App Extensions */,
			);
			name = "Embed App Extensions";
			runOnlyForDeploymentPostprocessing = 0;
		};
/* End PBXCopyFilesBuildPhase section */

/* Begin PBXFileReference section */
		0E126F031DFF25E800E340A1 /* SettingsFooterView.xib */ = {isa = PBXFileReference; fileEncoding = 4; lastKnownFileType = file.xib; path = SettingsFooterView.xib; sourceTree = "<group>"; };
		0E1ACF251D2067B800E8F5FD /* NavigationController.swift */ = {isa = PBXFileReference; fileEncoding = 4; lastKnownFileType = sourcecode.swift; path = NavigationController.swift; sourceTree = "<group>"; };
		0E1DE2981C22B8950041D864 /* EKAlarmManager.swift */ = {isa = PBXFileReference; fileEncoding = 4; lastKnownFileType = sourcecode.swift; path = EKAlarmManager.swift; sourceTree = "<group>"; };
		0E27BF4E1C16E5BC0053D90D /* RemindMeEditViewController.swift */ = {isa = PBXFileReference; fileEncoding = 4; lastKnownFileType = sourcecode.swift; path = RemindMeEditViewController.swift; sourceTree = "<group>"; };
		0E2B58201DA6D892007DFBB8 /* MapViewController.swift */ = {isa = PBXFileReference; fileEncoding = 4; lastKnownFileType = sourcecode.swift; path = MapViewController.swift; sourceTree = "<group>"; };
		0E2BD26D1E43675C00E402B0 /* Utilities.swift */ = {isa = PBXFileReference; fileEncoding = 4; lastKnownFileType = sourcecode.swift; path = Utilities.swift; sourceTree = "<group>"; };
		0E2C30CA1CEB2A1800DD87A4 /* ReminderFacade.swift */ = {isa = PBXFileReference; fileEncoding = 4; lastKnownFileType = sourcecode.swift; path = ReminderFacade.swift; sourceTree = "<group>"; };
		0E2C30CD1CEB2A3600DD87A4 /* StorageFacadeProtocol.swift */ = {isa = PBXFileReference; fileEncoding = 4; lastKnownFileType = sourcecode.swift; path = StorageFacadeProtocol.swift; sourceTree = "<group>"; };
		0E2C30D01CEB2AAE00DD87A4 /* ReminderRepository.swift */ = {isa = PBXFileReference; fileEncoding = 4; lastKnownFileType = sourcecode.swift; path = ReminderRepository.swift; sourceTree = "<group>"; };
		0E2C30D21CEB2AE500DD87A4 /* RemindMeItem.swift */ = {isa = PBXFileReference; fileEncoding = 4; lastKnownFileType = sourcecode.swift; path = RemindMeItem.swift; sourceTree = "<group>"; };
		0E2C30D41CEB2B7000DD87A4 /* StorageFacadeFactory.swift */ = {isa = PBXFileReference; fileEncoding = 4; lastKnownFileType = sourcecode.swift; path = StorageFacadeFactory.swift; sourceTree = "<group>"; };
		0E2C30D61CEB2BEE00DD87A4 /* Reminder.swift */ = {isa = PBXFileReference; fileEncoding = 4; lastKnownFileType = sourcecode.swift; path = Reminder.swift; sourceTree = "<group>"; };
		0E2E3DA71C98099100D64CA2 /* Setting.xcdatamodel */ = {isa = PBXFileReference; lastKnownFileType = wrapper.xcdatamodel; path = Setting.xcdatamodel; sourceTree = "<group>"; };
		0E2E3DCC1C981F1000D64CA2 /* SettingRepository.swift */ = {isa = PBXFileReference; fileEncoding = 4; lastKnownFileType = sourcecode.swift; path = SettingRepository.swift; sourceTree = "<group>"; };
		0E3388C91E0C4A3500BFEE14 /* CoreDataManager.swift */ = {isa = PBXFileReference; fileEncoding = 4; lastKnownFileType = sourcecode.swift; path = CoreDataManager.swift; sourceTree = "<group>"; };
		0E3388CC1E0C5B2200BFEE14 /* RemindMe.entitlements */ = {isa = PBXFileReference; lastKnownFileType = text.plist.entitlements; path = RemindMe.entitlements; sourceTree = "<group>"; };
		0E3388CD1E0C5C0900BFEE14 /* TodayExtension.entitlements */ = {isa = PBXFileReference; lastKnownFileType = text.plist.entitlements; path = TodayExtension.entitlements; sourceTree = "<group>"; };
		0E39D2D31E4E031E00639B27 /* ReminderItemSequenceRepository.swift */ = {isa = PBXFileReference; fileEncoding = 4; lastKnownFileType = sourcecode.swift; path = ReminderItemSequenceRepository.swift; sourceTree = "<group>"; };
		0E40FE281C0702EC00ACB6F6 /* RemindMe.app */ = {isa = PBXFileReference; explicitFileType = wrapper.application; includeInIndex = 0; path = RemindMe.app; sourceTree = BUILT_PRODUCTS_DIR; };
		0E40FE2B1C0702EC00ACB6F6 /* AppDelegate.swift */ = {isa = PBXFileReference; lastKnownFileType = sourcecode.swift; path = AppDelegate.swift; sourceTree = "<group>"; };
		0E40FE2D1C0702EC00ACB6F6 /* RemindMeViewController.swift */ = {isa = PBXFileReference; lastKnownFileType = sourcecode.swift; path = RemindMeViewController.swift; sourceTree = "<group>"; };
		0E40FE301C0702EC00ACB6F6 /* Base */ = {isa = PBXFileReference; lastKnownFileType = file.storyboard; name = Base; path = Base.lproj/Main.storyboard; sourceTree = "<group>"; };
		0E40FE321C0702EC00ACB6F6 /* Assets.xcassets */ = {isa = PBXFileReference; lastKnownFileType = folder.assetcatalog; path = Assets.xcassets; sourceTree = "<group>"; };
		0E40FE371C0702EC00ACB6F6 /* Info.plist */ = {isa = PBXFileReference; lastKnownFileType = text.plist.xml; path = Info.plist; sourceTree = "<group>"; };
		0E4F75AA1C3BBDA9003AFF2C /* SettingsTableViewController.swift */ = {isa = PBXFileReference; fileEncoding = 4; lastKnownFileType = sourcecode.swift; path = SettingsTableViewController.swift; sourceTree = "<group>"; };
		0E4F75AC1C3BBF28003AFF2C /* SettingsTableViewCell.swift */ = {isa = PBXFileReference; fileEncoding = 4; lastKnownFileType = sourcecode.swift; path = SettingsTableViewCell.swift; sourceTree = "<group>"; };
		0E4F75AE1C3BC0B4003AFF2C /* Setting.swift */ = {isa = PBXFileReference; fileEncoding = 4; lastKnownFileType = sourcecode.swift; path = Setting.swift; sourceTree = "<group>"; };
		0E514DE71C8ED12100028AF8 /* ReminderItemSequence.swift */ = {isa = PBXFileReference; fileEncoding = 4; lastKnownFileType = sourcecode.swift; path = ReminderItemSequence.swift; sourceTree = "<group>"; };
		0E565C711C0DAA7700057488 /* RemindMeTableViewCell.swift */ = {isa = PBXFileReference; fileEncoding = 4; lastKnownFileType = sourcecode.swift; path = RemindMeTableViewCell.swift; sourceTree = "<group>"; };
		0E5803251E09B44500CEDD55 /* TodayExtension.appex */ = {isa = PBXFileReference; explicitFileType = "wrapper.app-extension"; includeInIndex = 0; path = TodayExtension.appex; sourceTree = BUILT_PRODUCTS_DIR; };
		0E5803271E09B44500CEDD55 /* NotificationCenter.framework */ = {isa = PBXFileReference; lastKnownFileType = wrapper.framework; name = NotificationCenter.framework; path = System/Library/Frameworks/NotificationCenter.framework; sourceTree = SDKROOT; };
		0E58032A1E09B44500CEDD55 /* TodayViewController.swift */ = {isa = PBXFileReference; lastKnownFileType = sourcecode.swift; path = TodayViewController.swift; sourceTree = "<group>"; };
		0E58032D1E09B44500CEDD55 /* Base */ = {isa = PBXFileReference; lastKnownFileType = file.storyboard; name = Base; path = Base.lproj/MainInterface.storyboard; sourceTree = "<group>"; };
		0E58032F1E09B44500CEDD55 /* Info.plist */ = {isa = PBXFileReference; lastKnownFileType = text.plist.xml; path = Info.plist; sourceTree = "<group>"; };
		0E5803371E09B49D00CEDD55 /* RemindMeTableViewCell.swift */ = {isa = PBXFileReference; fileEncoding = 4; lastKnownFileType = sourcecode.swift; path = RemindMeTableViewCell.swift; sourceTree = "<group>"; };
		0E58392F1C43AB4900FA3138 /* ReminderTimeTableViewController.swift */ = {isa = PBXFileReference; fileEncoding = 4; lastKnownFileType = sourcecode.swift; path = ReminderTimeTableViewController.swift; sourceTree = "<group>"; };
		0E5839311C43AC8D00FA3138 /* ReminderTimeTableViewCell.swift */ = {isa = PBXFileReference; fileEncoding = 4; lastKnownFileType = sourcecode.swift; path = ReminderTimeTableViewCell.swift; sourceTree = "<group>"; };
		0E5839331C43B10300FA3138 /* ReminderTimeTableViewCellItem.swift */ = {isa = PBXFileReference; fileEncoding = 4; lastKnownFileType = sourcecode.swift; path = ReminderTimeTableViewCellItem.swift; sourceTree = "<group>"; };
		0E6F9F121E255916003CE167 /* LocationSearchTable.swift */ = {isa = PBXFileReference; fileEncoding = 4; lastKnownFileType = sourcecode.swift; path = LocationSearchTable.swift; sourceTree = "<group>"; };
		0E8B72B81C153D69000C71D7 /* NSDateManager.swift */ = {isa = PBXFileReference; fileEncoding = 4; lastKnownFileType = sourcecode.swift; path = NSDateManager.swift; sourceTree = "<group>"; };
		0E932BEE1C7C55290010CE0F /* TableRowSpacer.swift */ = {isa = PBXFileReference; fileEncoding = 4; lastKnownFileType = sourcecode.swift; path = TableRowSpacer.swift; sourceTree = "<group>"; };
		0E932BF01C7C55A10010CE0F /* TableRowFooterAddNew.swift */ = {isa = PBXFileReference; fileEncoding = 4; lastKnownFileType = sourcecode.swift; path = TableRowFooterAddNew.swift; sourceTree = "<group>"; };
		0E94040F1CFE189900980DAD /* LocalNotificationManager.swift */ = {isa = PBXFileReference; fileEncoding = 4; lastKnownFileType = sourcecode.swift; path = LocalNotificationManager.swift; sourceTree = "<group>"; };
		0E96301C1E4FD57F00600A14 /* SettingItem.swift */ = {isa = PBXFileReference; fileEncoding = 4; lastKnownFileType = sourcecode.swift; path = SettingItem.swift; sourceTree = "<group>"; };
		0E96301E1E4FD8C300600A14 /* SettingFacade.swift */ = {isa = PBXFileReference; fileEncoding = 4; lastKnownFileType = sourcecode.swift; path = SettingFacade.swift; sourceTree = "<group>"; };
		0E9630201E4FD97200600A14 /* SettingFacadeProtocol.swift */ = {isa = PBXFileReference; fileEncoding = 4; lastKnownFileType = sourcecode.swift; path = SettingFacadeProtocol.swift; sourceTree = "<group>"; };
		0EC042651E51DF19002B4DDD /* SettingFacadeFactory.swift */ = {isa = PBXFileReference; fileEncoding = 4; lastKnownFileType = sourcecode.swift; path = SettingFacadeFactory.swift; sourceTree = "<group>"; };
		0ED2E8AD1C844FA6009570EB /* TableRowSettingsFooterAddNew.swift */ = {isa = PBXFileReference; fileEncoding = 4; lastKnownFileType = sourcecode.swift; path = TableRowSettingsFooterAddNew.swift; sourceTree = "<group>"; };
		0ED572CD1E694F0700DD7A9B /* Extensions.swift */ = {isa = PBXFileReference; fileEncoding = 4; lastKnownFileType = sourcecode.swift; path = Extensions.swift; sourceTree = "<group>"; };
		0EE685851C0C656100E3317D /* Constants.swift */ = {isa = PBXFileReference; fileEncoding = 4; lastKnownFileType = sourcecode.swift; path = Constants.swift; sourceTree = "<group>"; };
/* End PBXFileReference section */

/* Begin PBXFrameworksBuildPhase section */
		0E40FE251C0702EC00ACB6F6 /* Frameworks */ = {
			isa = PBXFrameworksBuildPhase;
			buildActionMask = 2147483647;
			files = (
			);
			runOnlyForDeploymentPostprocessing = 0;
		};
		0E5803221E09B44500CEDD55 /* Frameworks */ = {
			isa = PBXFrameworksBuildPhase;
			buildActionMask = 2147483647;
			files = (
				0E5803281E09B44500CEDD55 /* NotificationCenter.framework in Frameworks */,
			);
			runOnlyForDeploymentPostprocessing = 0;
		};
/* End PBXFrameworksBuildPhase section */

/* Begin PBXGroup section */
		0E2C30C81CEB29E600DD87A4 /* Facades */ = {
			isa = PBXGroup;
			children = (
				0E2C30CD1CEB2A3600DD87A4 /* StorageFacadeProtocol.swift */,
				0E2C30D41CEB2B7000DD87A4 /* StorageFacadeFactory.swift */,
				0E2C30CA1CEB2A1800DD87A4 /* ReminderFacade.swift */,
				0E96301E1E4FD8C300600A14 /* SettingFacade.swift */,
				0E9630201E4FD97200600A14 /* SettingFacadeProtocol.swift */,
				0EC042651E51DF19002B4DDD /* SettingFacadeFactory.swift */,
			);
			name = Facades;
			sourceTree = "<group>";
		};
		0E2C30CF1CEB2A7D00DD87A4 /* Repositories */ = {
			isa = PBXGroup;
			children = (
				0E2C30D01CEB2AAE00DD87A4 /* ReminderRepository.swift */,
				0E2E3DCC1C981F1000D64CA2 /* SettingRepository.swift */,
				0E39D2D31E4E031E00639B27 /* ReminderItemSequenceRepository.swift */,
			);
			name = Repositories;
			sourceTree = "<group>";
		};
		0E40FE1F1C0702EC00ACB6F6 = {
			isa = PBXGroup;
			children = (
				0E40FE2A1C0702EC00ACB6F6 /* RemindMe */,
				0E5803291E09B44500CEDD55 /* TodayExtension */,
				0E5803261E09B44500CEDD55 /* Frameworks */,
				0E40FE291C0702EC00ACB6F6 /* Products */,
			);
			sourceTree = "<group>";
		};
		0E40FE291C0702EC00ACB6F6 /* Products */ = {
			isa = PBXGroup;
			children = (
				0E40FE281C0702EC00ACB6F6 /* RemindMe.app */,
				0E5803251E09B44500CEDD55 /* TodayExtension.appex */,
			);
			name = Products;
			sourceTree = "<group>";
		};
		0E40FE2A1C0702EC00ACB6F6 /* RemindMe */ = {
			isa = PBXGroup;
			children = (
				0ED572CD1E694F0700DD7A9B /* Extensions.swift */,
				0E3388CC1E0C5B2200BFEE14 /* RemindMe.entitlements */,
				0E2C30CF1CEB2A7D00DD87A4 /* Repositories */,
				0E2C30C81CEB29E600DD87A4 /* Facades */,
				0EFDC8671CB7932C00FCF038 /* UITableView */,
				0EFDC8661CB7921E00FCF038 /* Managers */,
				0EFDC8641CB791D500FCF038 /* Controllers */,
				0E40FE2B1C0702EC00ACB6F6 /* AppDelegate.swift */,
				0E2C30D61CEB2BEE00DD87A4 /* Reminder.swift */,
				0E2C30D21CEB2AE500DD87A4 /* RemindMeItem.swift */,
				0E40FE2F1C0702EC00ACB6F6 /* Main.storyboard */,
				0E126F031DFF25E800E340A1 /* SettingsFooterView.xib */,
				0E40FE321C0702EC00ACB6F6 /* Assets.xcassets */,
				0E40FE371C0702EC00ACB6F6 /* Info.plist */,
				0EE685851C0C656100E3317D /* Constants.swift */,
				0E4F75AE1C3BC0B4003AFF2C /* Setting.swift */,
				0E514DE71C8ED12100028AF8 /* ReminderItemSequence.swift */,
				0E2E3DA61C98099100D64CA2 /* Setting.xcdatamodeld */,
				0E2BD26D1E43675C00E402B0 /* Utilities.swift */,
				0E96301C1E4FD57F00600A14 /* SettingItem.swift */,
			);
			path = RemindMe;
			sourceTree = "<group>";
		};
		0E5803261E09B44500CEDD55 /* Frameworks */ = {
			isa = PBXGroup;
			children = (
				0E5803271E09B44500CEDD55 /* NotificationCenter.framework */,
			);
			name = Frameworks;
			sourceTree = "<group>";
		};
		0E5803291E09B44500CEDD55 /* TodayExtension */ = {
			isa = PBXGroup;
			children = (
				0E3388CD1E0C5C0900BFEE14 /* TodayExtension.entitlements */,
				0E5803371E09B49D00CEDD55 /* RemindMeTableViewCell.swift */,
				0E58032A1E09B44500CEDD55 /* TodayViewController.swift */,
				0E58032C1E09B44500CEDD55 /* MainInterface.storyboard */,
				0E58032F1E09B44500CEDD55 /* Info.plist */,
			);
			path = TodayExtension;
			sourceTree = "<group>";
		};
		0EFDC8641CB791D500FCF038 /* Controllers */ = {
			isa = PBXGroup;
			children = (
				0E27BF4E1C16E5BC0053D90D /* RemindMeEditViewController.swift */,
				0E4F75AA1C3BBDA9003AFF2C /* SettingsTableViewController.swift */,
				0E58392F1C43AB4900FA3138 /* ReminderTimeTableViewController.swift */,
				0E40FE2D1C0702EC00ACB6F6 /* RemindMeViewController.swift */,
				0E1ACF251D2067B800E8F5FD /* NavigationController.swift */,
				0E2B58201DA6D892007DFBB8 /* MapViewController.swift */,
				0E6F9F121E255916003CE167 /* LocationSearchTable.swift */,
			);
			name = Controllers;
			sourceTree = "<group>";
		};
		0EFDC8661CB7921E00FCF038 /* Managers */ = {
			isa = PBXGroup;
			children = (
				0E8B72B81C153D69000C71D7 /* NSDateManager.swift */,
				0E1DE2981C22B8950041D864 /* EKAlarmManager.swift */,
				0E94040F1CFE189900980DAD /* LocalNotificationManager.swift */,
				0E3388C91E0C4A3500BFEE14 /* CoreDataManager.swift */,
			);
			name = Managers;
			sourceTree = "<group>";
		};
		0EFDC8671CB7932C00FCF038 /* UITableView */ = {
			isa = PBXGroup;
			children = (
				0E565C711C0DAA7700057488 /* RemindMeTableViewCell.swift */,
				0E4F75AC1C3BBF28003AFF2C /* SettingsTableViewCell.swift */,
				0E5839311C43AC8D00FA3138 /* ReminderTimeTableViewCell.swift */,
				0E5839331C43B10300FA3138 /* ReminderTimeTableViewCellItem.swift */,
				0E932BEE1C7C55290010CE0F /* TableRowSpacer.swift */,
				0E932BF01C7C55A10010CE0F /* TableRowFooterAddNew.swift */,
				0ED2E8AD1C844FA6009570EB /* TableRowSettingsFooterAddNew.swift */,
			);
			name = UITableView;
			sourceTree = "<group>";
		};
/* End PBXGroup section */

/* Begin PBXNativeTarget section */
		0E40FE271C0702EC00ACB6F6 /* RemindMe */ = {
			isa = PBXNativeTarget;
			buildConfigurationList = 0E40FE3A1C0702EC00ACB6F6 /* Build configuration list for PBXNativeTarget "RemindMe" */;
			buildPhases = (
				0E40FE241C0702EC00ACB6F6 /* Sources */,
				0E40FE251C0702EC00ACB6F6 /* Frameworks */,
				0E40FE261C0702EC00ACB6F6 /* Resources */,
				0E5803361E09B44600CEDD55 /* Embed App Extensions */,
			);
			buildRules = (
			);
			dependencies = (
				0E5803311E09B44500CEDD55 /* PBXTargetDependency */,
			);
			name = RemindMe;
			productName = RemindMe;
			productReference = 0E40FE281C0702EC00ACB6F6 /* RemindMe.app */;
			productType = "com.apple.product-type.application";
		};
		0E5803241E09B44500CEDD55 /* TodayExtension */ = {
			isa = PBXNativeTarget;
			buildConfigurationList = 0E5803351E09B44600CEDD55 /* Build configuration list for PBXNativeTarget "TodayExtension" */;
			buildPhases = (
				0E5803211E09B44500CEDD55 /* Sources */,
				0E5803221E09B44500CEDD55 /* Frameworks */,
				0E5803231E09B44500CEDD55 /* Resources */,
			);
			buildRules = (
			);
			dependencies = (
			);
			name = TodayExtension;
			productName = TodayExtension;
			productReference = 0E5803251E09B44500CEDD55 /* TodayExtension.appex */;
			productType = "com.apple.product-type.app-extension";
		};
/* End PBXNativeTarget section */

/* Begin PBXProject section */
		0E40FE201C0702EC00ACB6F6 /* Project object */ = {
			isa = PBXProject;
			attributes = {
				LastSwiftUpdateCheck = 0820;
				LastUpgradeCheck = 0800;
				ORGANIZATIONNAME = "Stephen Haxby";
				TargetAttributes = {
					0E40FE271C0702EC00ACB6F6 = {
						CreatedOnToolsVersion = 7.1;
						DevelopmentTeam = 8G223M87DR;
						LastSwiftMigration = 0800;
						ProvisioningStyle = Automatic;
						SystemCapabilities = {
							com.apple.ApplicationGroups.iOS = {
								enabled = 1;
							};
						};
					};
					0E5803241E09B44500CEDD55 = {
						CreatedOnToolsVersion = 8.2;
						DevelopmentTeam = 8G223M87DR;
						ProvisioningStyle = Automatic;
						SystemCapabilities = {
							com.apple.ApplicationGroups.iOS = {
								enabled = 1;
							};
						};
					};
				};
			};
			buildConfigurationList = 0E40FE231C0702EC00ACB6F6 /* Build configuration list for PBXProject "RemindMe" */;
			compatibilityVersion = "Xcode 3.2";
			developmentRegion = English;
			hasScannedForEncodings = 0;
			knownRegions = (
				en,
				Base,
			);
			mainGroup = 0E40FE1F1C0702EC00ACB6F6;
			productRefGroup = 0E40FE291C0702EC00ACB6F6 /* Products */;
			projectDirPath = "";
			projectRoot = "";
			targets = (
				0E40FE271C0702EC00ACB6F6 /* RemindMe */,
				0E5803241E09B44500CEDD55 /* TodayExtension */,
			);
		};
/* End PBXProject section */

/* Begin PBXResourcesBuildPhase section */
		0E40FE261C0702EC00ACB6F6 /* Resources */ = {
			isa = PBXResourcesBuildPhase;
			buildActionMask = 2147483647;
			files = (
				0E126F041DFF25E800E340A1 /* SettingsFooterView.xib in Resources */,
				0E40FE331C0702EC00ACB6F6 /* Assets.xcassets in Resources */,
				0E40FE311C0702EC00ACB6F6 /* Main.storyboard in Resources */,
			);
			runOnlyForDeploymentPostprocessing = 0;
		};
		0E5803231E09B44500CEDD55 /* Resources */ = {
			isa = PBXResourcesBuildPhase;
			buildActionMask = 2147483647;
			files = (
				0E58032E1E09B44500CEDD55 /* MainInterface.storyboard in Resources */,
			);
			runOnlyForDeploymentPostprocessing = 0;
		};
/* End PBXResourcesBuildPhase section */

/* Begin PBXSourcesBuildPhase section */
		0E40FE241C0702EC00ACB6F6 /* Sources */ = {
			isa = PBXSourcesBuildPhase;
			buildActionMask = 2147483647;
			files = (
				0E2B58211DA6D892007DFBB8 /* MapViewController.swift in Sources */,
				0E2C30D31CEB2AE500DD87A4 /* RemindMeItem.swift in Sources */,
				0E96301D1E4FD57F00600A14 /* SettingItem.swift in Sources */,
				0E2C30D11CEB2AAE00DD87A4 /* ReminderRepository.swift in Sources */,
				0E2E3DCD1C981F1000D64CA2 /* SettingRepository.swift in Sources */,
				0E8B72B91C153D69000C71D7 /* NSDateManager.swift in Sources */,
				0E514DE81C8ED12100028AF8 /* ReminderItemSequence.swift in Sources */,
				0E1ACF261D2067B800E8F5FD /* NavigationController.swift in Sources */,
				0E96301F1E4FD8C300600A14 /* SettingFacade.swift in Sources */,
				0E2C30CE1CEB2A3600DD87A4 /* StorageFacadeProtocol.swift in Sources */,
				0E2BD26E1E43675D00E402B0 /* Utilities.swift in Sources */,
				0E932BF11C7C55A10010CE0F /* TableRowFooterAddNew.swift in Sources */,
				0E2C30D51CEB2B7000DD87A4 /* StorageFacadeFactory.swift in Sources */,
				0EE685861C0C656100E3317D /* Constants.swift in Sources */,
				0ED572CE1E694F0700DD7A9B /* Extensions.swift in Sources */,
				0E3388CA1E0C4A3500BFEE14 /* CoreDataManager.swift in Sources */,
				0E39D2D41E4E031E00639B27 /* ReminderItemSequenceRepository.swift in Sources */,
				0E4F75AF1C3BC0B4003AFF2C /* Setting.swift in Sources */,
				0E5839341C43B10300FA3138 /* ReminderTimeTableViewCellItem.swift in Sources */,
				0E5839301C43AB4900FA3138 /* ReminderTimeTableViewController.swift in Sources */,
				0E1DE2991C22B8950041D864 /* EKAlarmManager.swift in Sources */,
				0E9404101CFE189900980DAD /* LocalNotificationManager.swift in Sources */,
				0E27BF4F1C16E5BC0053D90D /* RemindMeEditViewController.swift in Sources */,
				0E2C30D71CEB2BEE00DD87A4 /* Reminder.swift in Sources */,
				0EC042661E51DF19002B4DDD /* SettingFacadeFactory.swift in Sources */,
				0E2E3DA81C98099100D64CA2 /* Setting.xcdatamodeld in Sources */,
				0E40FE2E1C0702EC00ACB6F6 /* RemindMeViewController.swift in Sources */,
				0ED2E8AE1C844FA6009570EB /* TableRowSettingsFooterAddNew.swift in Sources */,
				0E2C30CC1CEB2A1800DD87A4 /* ReminderFacade.swift in Sources */,
				0E5839321C43AC8D00FA3138 /* ReminderTimeTableViewCell.swift in Sources */,
				0E6F9F131E255916003CE167 /* LocationSearchTable.swift in Sources */,
				0E4F75AD1C3BBF28003AFF2C /* SettingsTableViewCell.swift in Sources */,
				0E9630211E4FD97200600A14 /* SettingFacadeProtocol.swift in Sources */,
				0E4F75AB1C3BBDA9003AFF2C /* SettingsTableViewController.swift in Sources */,
				0E932BEF1C7C55290010CE0F /* TableRowSpacer.swift in Sources */,
				0E40FE2C1C0702EC00ACB6F6 /* AppDelegate.swift in Sources */,
				0E565C721C0DAA7700057488 /* RemindMeTableViewCell.swift in Sources */,
			);
			runOnlyForDeploymentPostprocessing = 0;
		};
		0E5803211E09B44500CEDD55 /* Sources */ = {
			isa = PBXSourcesBuildPhase;
			buildActionMask = 2147483647;
			files = (
				0E58033D1E09BDF400CEDD55 /* Setting.xcdatamodeld in Sources */,
				0E3388CB1E0C4FFC00BFEE14 /* CoreDataManager.swift in Sources */,
				0E5803421E09BF6000CEDD55 /* ReminderRepository.swift in Sources */,
				0E5803441E09C00F00CEDD55 /* StorageFacadeProtocol.swift in Sources */,
				0E96301B1E4FC24700600A14 /* Utilities.swift in Sources */,
				0E5803381E09B49D00CEDD55 /* RemindMeTableViewCell.swift in Sources */,
				0E58033A1E09B4D400CEDD55 /* RemindMeItem.swift in Sources */,
				0E58033B1E09B72400CEDD55 /* LocalNotificationManager.swift in Sources */,
				0E58032B1E09B44500CEDD55 /* TodayViewController.swift in Sources */,
				0E5803391E09B4CC00CEDD55 /* NSDateManager.swift in Sources */,
				0E58033C1E09B9C300CEDD55 /* Constants.swift in Sources */,
				0E5803401E09BED300CEDD55 /* ReminderFacade.swift in Sources */,
				0E5803431E09BFC200CEDD55 /* Reminder.swift in Sources */,
			);
			runOnlyForDeploymentPostprocessing = 0;
		};
/* End PBXSourcesBuildPhase section */

/* Begin PBXTargetDependency section */
		0E5803311E09B44500CEDD55 /* PBXTargetDependency */ = {
			isa = PBXTargetDependency;
			target = 0E5803241E09B44500CEDD55 /* TodayExtension */;
			targetProxy = 0E5803301E09B44500CEDD55 /* PBXContainerItemProxy */;
		};
/* End PBXTargetDependency section */

/* Begin PBXVariantGroup section */
		0E40FE2F1C0702EC00ACB6F6 /* Main.storyboard */ = {
			isa = PBXVariantGroup;
			children = (
				0E40FE301C0702EC00ACB6F6 /* Base */,
			);
			name = Main.storyboard;
			sourceTree = "<group>";
		};
		0E58032C1E09B44500CEDD55 /* MainInterface.storyboard */ = {
			isa = PBXVariantGroup;
			children = (
				0E58032D1E09B44500CEDD55 /* Base */,
			);
			name = MainInterface.storyboard;
			sourceTree = "<group>";
		};
/* End PBXVariantGroup section */

/* Begin XCBuildConfiguration section */
		0E40FE381C0702EC00ACB6F6 /* Debug */ = {
			isa = XCBuildConfiguration;
			buildSettings = {
				ALWAYS_SEARCH_USER_PATHS = NO;
				CLANG_CXX_LANGUAGE_STANDARD = "gnu++0x";
				CLANG_CXX_LIBRARY = "libc++";
				CLANG_ENABLE_MODULES = YES;
				CLANG_ENABLE_OBJC_ARC = YES;
				CLANG_WARN_BOOL_CONVERSION = YES;
				CLANG_WARN_CONSTANT_CONVERSION = YES;
				CLANG_WARN_DIRECT_OBJC_ISA_USAGE = YES_ERROR;
				CLANG_WARN_EMPTY_BODY = YES;
				CLANG_WARN_ENUM_CONVERSION = YES;
				CLANG_WARN_INFINITE_RECURSION = YES;
				CLANG_WARN_INT_CONVERSION = YES;
				CLANG_WARN_OBJC_ROOT_CLASS = YES_ERROR;
				CLANG_WARN_SUSPICIOUS_MOVE = YES;
				CLANG_WARN_UNREACHABLE_CODE = YES;
				CLANG_WARN__DUPLICATE_METHOD_MATCH = YES;
				"CODE_SIGN_IDENTITY[sdk=iphoneos*]" = "iPhone Developer";
				COPY_PHASE_STRIP = NO;
				DEBUG_INFORMATION_FORMAT = dwarf;
				DEVELOPMENT_TEAM = BWGHTFZGRF;
				ENABLE_STRICT_OBJC_MSGSEND = YES;
				ENABLE_TESTABILITY = YES;
				GCC_C_LANGUAGE_STANDARD = gnu99;
				GCC_DYNAMIC_NO_PIC = NO;
				GCC_NO_COMMON_BLOCKS = YES;
				GCC_OPTIMIZATION_LEVEL = 0;
				GCC_PREPROCESSOR_DEFINITIONS = (
					"DEBUG=1",
					"$(inherited)",
				);
				GCC_WARN_64_TO_32_BIT_CONVERSION = YES;
				GCC_WARN_ABOUT_RETURN_TYPE = YES_ERROR;
				GCC_WARN_UNDECLARED_SELECTOR = YES;
				GCC_WARN_UNINITIALIZED_AUTOS = YES_AGGRESSIVE;
				GCC_WARN_UNUSED_FUNCTION = YES;
				GCC_WARN_UNUSED_VARIABLE = YES;
				IPHONEOS_DEPLOYMENT_TARGET = 10.0;
				MTL_ENABLE_DEBUG_INFO = YES;
				ONLY_ACTIVE_ARCH = YES;
				SDKROOT = iphoneos;
				SWIFT_OPTIMIZATION_LEVEL = "-Onone";
			};
			name = Debug;
		};
		0E40FE391C0702EC00ACB6F6 /* Release */ = {
			isa = XCBuildConfiguration;
			buildSettings = {
				ALWAYS_SEARCH_USER_PATHS = NO;
				CLANG_CXX_LANGUAGE_STANDARD = "gnu++0x";
				CLANG_CXX_LIBRARY = "libc++";
				CLANG_ENABLE_MODULES = YES;
				CLANG_ENABLE_OBJC_ARC = YES;
				CLANG_WARN_BOOL_CONVERSION = YES;
				CLANG_WARN_CONSTANT_CONVERSION = YES;
				CLANG_WARN_DIRECT_OBJC_ISA_USAGE = YES_ERROR;
				CLANG_WARN_EMPTY_BODY = YES;
				CLANG_WARN_ENUM_CONVERSION = YES;
				CLANG_WARN_INFINITE_RECURSION = YES;
				CLANG_WARN_INT_CONVERSION = YES;
				CLANG_WARN_OBJC_ROOT_CLASS = YES_ERROR;
				CLANG_WARN_SUSPICIOUS_MOVE = YES;
				CLANG_WARN_UNREACHABLE_CODE = YES;
				CLANG_WARN__DUPLICATE_METHOD_MATCH = YES;
				"CODE_SIGN_IDENTITY[sdk=iphoneos*]" = "iPhone Developer: stephen.haxby@me.com (M8DC842G2N)";
				COPY_PHASE_STRIP = NO;
				DEBUG_INFORMATION_FORMAT = "dwarf-with-dsym";
				DEVELOPMENT_TEAM = BWGHTFZGRF;
				ENABLE_NS_ASSERTIONS = NO;
				ENABLE_STRICT_OBJC_MSGSEND = YES;
				GCC_C_LANGUAGE_STANDARD = gnu99;
				GCC_NO_COMMON_BLOCKS = YES;
				GCC_WARN_64_TO_32_BIT_CONVERSION = YES;
				GCC_WARN_ABOUT_RETURN_TYPE = YES_ERROR;
				GCC_WARN_UNDECLARED_SELECTOR = YES;
				GCC_WARN_UNINITIALIZED_AUTOS = YES_AGGRESSIVE;
				GCC_WARN_UNUSED_FUNCTION = YES;
				GCC_WARN_UNUSED_VARIABLE = YES;
				IPHONEOS_DEPLOYMENT_TARGET = 10.0;
				MTL_ENABLE_DEBUG_INFO = NO;
				ONLY_ACTIVE_ARCH = YES;
				SDKROOT = iphoneos;
				SWIFT_OPTIMIZATION_LEVEL = "-Owholemodule";
				VALIDATE_PRODUCT = YES;
			};
			name = Release;
		};
		0E40FE3B1C0702EC00ACB6F6 /* Debug */ = {
			isa = XCBuildConfiguration;
			buildSettings = {
				ALWAYS_EMBED_SWIFT_STANDARD_LIBRARIES = YES;
				ASSETCATALOG_COMPILER_APPICON_NAME = AppIcon;
				CODE_SIGN_ENTITLEMENTS = RemindMe/RemindMe.entitlements;
				CODE_SIGN_IDENTITY = "iPhone Developer";
				"CODE_SIGN_IDENTITY[sdk=iphoneos*]" = "iPhone Developer";
				DEVELOPMENT_TEAM = 8G223M87DR;
				INFOPLIST_FILE = RemindMe/Info.plist;
				IPHONEOS_DEPLOYMENT_TARGET = 10.1;
				LD_RUNPATH_SEARCH_PATHS = "$(inherited) @executable_path/Frameworks";
				PRODUCT_BUNDLE_IDENTIFIER = com.Stephen.Haxby.RemindMe;
				PRODUCT_NAME = "$(TARGET_NAME)";
				PROVISIONING_PROFILE = "";
				SWIFT_VERSION = 3.0;
			};
			name = Debug;
		};
		0E40FE3C1C0702EC00ACB6F6 /* Release */ = {
			isa = XCBuildConfiguration;
			buildSettings = {
				ALWAYS_EMBED_SWIFT_STANDARD_LIBRARIES = YES;
				ASSETCATALOG_COMPILER_APPICON_NAME = AppIcon;
				CODE_SIGN_ENTITLEMENTS = RemindMe/RemindMe.entitlements;
				CODE_SIGN_IDENTITY = "iPhone Developer";
				"CODE_SIGN_IDENTITY[sdk=iphoneos*]" = "iPhone Developer";
				DEVELOPMENT_TEAM = 8G223M87DR;
				INFOPLIST_FILE = RemindMe/Info.plist;
				IPHONEOS_DEPLOYMENT_TARGET = 10.1;
				LD_RUNPATH_SEARCH_PATHS = "$(inherited) @executable_path/Frameworks";
				PRODUCT_BUNDLE_IDENTIFIER = com.Stephen.Haxby.RemindMe;
				PRODUCT_NAME = "$(TARGET_NAME)";
				PROVISIONING_PROFILE = "";
				SWIFT_VERSION = 3.0;
			};
			name = Release;
		};
		0E5803331E09B44600CEDD55 /* Debug */ = {
			isa = XCBuildConfiguration;
			buildSettings = {
				CLANG_ANALYZER_NONNULL = YES;
				CLANG_WARN_DOCUMENTATION_COMMENTS = YES;
				CODE_SIGN_ENTITLEMENTS = TodayExtension/TodayExtension.entitlements;
				CODE_SIGN_IDENTITY = "iPhone Developer";
				"CODE_SIGN_IDENTITY[sdk=iphoneos*]" = "iPhone Developer";
				DEVELOPMENT_TEAM = 8G223M87DR;
				INFOPLIST_FILE = TodayExtension/Info.plist;
				IPHONEOS_DEPLOYMENT_TARGET = 10.2;
				LD_RUNPATH_SEARCH_PATHS = "$(inherited) @executable_path/Frameworks @executable_path/../../Frameworks";
				PRODUCT_BUNDLE_IDENTIFIER = com.Stephen.Haxby.RemindMe.TodayExtension;
				PRODUCT_NAME = "$(TARGET_NAME)";
				SKIP_INSTALL = YES;
				SWIFT_ACTIVE_COMPILATION_CONDITIONS = DEBUG;
				SWIFT_VERSION = 3.0;
			};
			name = Debug;
		};
		0E5803341E09B44600CEDD55 /* Release */ = {
			isa = XCBuildConfiguration;
			buildSettings = {
				CLANG_ANALYZER_NONNULL = YES;
				CLANG_WARN_DOCUMENTATION_COMMENTS = YES;
				CODE_SIGN_ENTITLEMENTS = TodayExtension/TodayExtension.entitlements;
				CODE_SIGN_IDENTITY = "iPhone Developer";
				"CODE_SIGN_IDENTITY[sdk=iphoneos*]" = "iPhone Developer";
				DEVELOPMENT_TEAM = 8G223M87DR;
				INFOPLIST_FILE = TodayExtension/Info.plist;
				IPHONEOS_DEPLOYMENT_TARGET = 10.2;
				LD_RUNPATH_SEARCH_PATHS = "$(inherited) @executable_path/Frameworks @executable_path/../../Frameworks";
				PRODUCT_BUNDLE_IDENTIFIER = com.Stephen.Haxby.RemindMe.TodayExtension;
				PRODUCT_NAME = "$(TARGET_NAME)";
				SKIP_INSTALL = YES;
				SWIFT_VERSION = 3.0;
			};
			name = Release;
		};
/* End XCBuildConfiguration section */

/* Begin XCConfigurationList section */
		0E40FE231C0702EC00ACB6F6 /* Build configuration list for PBXProject "RemindMe" */ = {
			isa = XCConfigurationList;
			buildConfigurations = (
				0E40FE381C0702EC00ACB6F6 /* Debug */,
				0E40FE391C0702EC00ACB6F6 /* Release */,
			);
			defaultConfigurationIsVisible = 0;
			defaultConfigurationName = Release;
		};
		0E40FE3A1C0702EC00ACB6F6 /* Build configuration list for PBXNativeTarget "RemindMe" */ = {
			isa = XCConfigurationList;
			buildConfigurations = (
				0E40FE3B1C0702EC00ACB6F6 /* Debug */,
				0E40FE3C1C0702EC00ACB6F6 /* Release */,
			);
			defaultConfigurationIsVisible = 0;
			defaultConfigurationName = Release;
		};
		0E5803351E09B44600CEDD55 /* Build configuration list for PBXNativeTarget "TodayExtension" */ = {
			isa = XCConfigurationList;
			buildConfigurations = (
				0E5803331E09B44600CEDD55 /* Debug */,
				0E5803341E09B44600CEDD55 /* Release */,
			);
			defaultConfigurationIsVisible = 0;
			defaultConfigurationName = Release;
		};
/* End XCConfigurationList section */

/* Begin XCVersionGroup section */
		0E2E3DA61C98099100D64CA2 /* Setting.xcdatamodeld */ = {
			isa = XCVersionGroup;
			children = (
				0E2E3DA71C98099100D64CA2 /* Setting.xcdatamodel */,
			);
			currentVersion = 0E2E3DA71C98099100D64CA2 /* Setting.xcdatamodel */;
			path = Setting.xcdatamodeld;
			sourceTree = "<group>";
			versionGroupType = wrapper.xcdatamodel;
		};
/* End XCVersionGroup section */
	};
	rootObject = 0E40FE201C0702EC00ACB6F6 /* Project object */;
}
