// !$*UTF8*$!
{
	archiveVersion = 1;
	classes = {
	};
	objectVersion = 46;
	objects = {

/* Begin PBXBuildFile section */
		0E1DE2991C22B8950041D864 /* EKAlarmManager.swift in Sources */ = {isa = PBXBuildFile; fileRef = 0E1DE2981C22B8950041D864 /* EKAlarmManager.swift */; };
		0E27BF4F1C16E5BC0053D90D /* RemindMeEditViewController.swift in Sources */ = {isa = PBXBuildFile; fileRef = 0E27BF4E1C16E5BC0053D90D /* RemindMeEditViewController.swift */; };
		0E40FE2C1C0702EC00ACB6F6 /* AppDelegate.swift in Sources */ = {isa = PBXBuildFile; fileRef = 0E40FE2B1C0702EC00ACB6F6 /* AppDelegate.swift */; };
		0E40FE2E1C0702EC00ACB6F6 /* RemindMeViewController.swift in Sources */ = {isa = PBXBuildFile; fileRef = 0E40FE2D1C0702EC00ACB6F6 /* RemindMeViewController.swift */; };
		0E40FE311C0702EC00ACB6F6 /* Main.storyboard in Resources */ = {isa = PBXBuildFile; fileRef = 0E40FE2F1C0702EC00ACB6F6 /* Main.storyboard */; };
		0E40FE331C0702EC00ACB6F6 /* Assets.xcassets in Resources */ = {isa = PBXBuildFile; fileRef = 0E40FE321C0702EC00ACB6F6 /* Assets.xcassets */; };
		0E40FE3E1C07114200ACB6F6 /* iCloudReminderManager.swift in Sources */ = {isa = PBXBuildFile; fileRef = 0E40FE3D1C07114100ACB6F6 /* iCloudReminderManager.swift */; };
		0E40FE401C0711BB00ACB6F6 /* SettingsViewController.swift in Sources */ = {isa = PBXBuildFile; fileRef = 0E40FE3F1C0711BB00ACB6F6 /* SettingsViewController.swift */; };
		0E565C721C0DAA7700057488 /* RemindMeTableViewCell.swift in Sources */ = {isa = PBXBuildFile; fileRef = 0E565C711C0DAA7700057488 /* RemindMeTableViewCell.swift */; };
		0E8B72B91C153D69000C71D7 /* NSDateManager.swift in Sources */ = {isa = PBXBuildFile; fileRef = 0E8B72B81C153D69000C71D7 /* NSDateManager.swift */; };
		0EE685861C0C656100E3317D /* Constants.swift in Sources */ = {isa = PBXBuildFile; fileRef = 0EE685851C0C656100E3317D /* Constants.swift */; };
/* End PBXBuildFile section */

/* Begin PBXFileReference section */
		0E1DE2981C22B8950041D864 /* EKAlarmManager.swift */ = {isa = PBXFileReference; fileEncoding = 4; lastKnownFileType = sourcecode.swift; path = EKAlarmManager.swift; sourceTree = "<group>"; };
		0E27BF4E1C16E5BC0053D90D /* RemindMeEditViewController.swift */ = {isa = PBXFileReference; fileEncoding = 4; lastKnownFileType = sourcecode.swift; path = RemindMeEditViewController.swift; sourceTree = "<group>"; };
		0E40FE281C0702EC00ACB6F6 /* RemindMe.app */ = {isa = PBXFileReference; explicitFileType = wrapper.application; includeInIndex = 0; path = RemindMe.app; sourceTree = BUILT_PRODUCTS_DIR; };
		0E40FE2B1C0702EC00ACB6F6 /* AppDelegate.swift */ = {isa = PBXFileReference; lastKnownFileType = sourcecode.swift; path = AppDelegate.swift; sourceTree = "<group>"; };
		0E40FE2D1C0702EC00ACB6F6 /* RemindMeViewController.swift */ = {isa = PBXFileReference; lastKnownFileType = sourcecode.swift; path = RemindMeViewController.swift; sourceTree = "<group>"; };
		0E40FE301C0702EC00ACB6F6 /* Base */ = {isa = PBXFileReference; lastKnownFileType = file.storyboard; name = Base; path = Base.lproj/Main.storyboard; sourceTree = "<group>"; };
		0E40FE321C0702EC00ACB6F6 /* Assets.xcassets */ = {isa = PBXFileReference; lastKnownFileType = folder.assetcatalog; path = Assets.xcassets; sourceTree = "<group>"; };
		0E40FE371C0702EC00ACB6F6 /* Info.plist */ = {isa = PBXFileReference; lastKnownFileType = text.plist.xml; path = Info.plist; sourceTree = "<group>"; };
		0E40FE3D1C07114100ACB6F6 /* iCloudReminderManager.swift */ = {isa = PBXFileReference; fileEncoding = 4; lastKnownFileType = sourcecode.swift; path = iCloudReminderManager.swift; sourceTree = "<group>"; };
		0E40FE3F1C0711BB00ACB6F6 /* SettingsViewController.swift */ = {isa = PBXFileReference; fileEncoding = 4; lastKnownFileType = sourcecode.swift; path = SettingsViewController.swift; sourceTree = "<group>"; };
		0E565C711C0DAA7700057488 /* RemindMeTableViewCell.swift */ = {isa = PBXFileReference; fileEncoding = 4; lastKnownFileType = sourcecode.swift; path = RemindMeTableViewCell.swift; sourceTree = "<group>"; };
		0E8B72B81C153D69000C71D7 /* NSDateManager.swift */ = {isa = PBXFileReference; fileEncoding = 4; lastKnownFileType = sourcecode.swift; path = NSDateManager.swift; sourceTree = "<group>"; };
		0EE685851C0C656100E3317D /* Constants.swift */ = {isa = PBXFileReference; fileEncoding = 4; lastKnownFileType = sourcecode.swift; path = Constants.swift; sourceTree = "<group>"; };
/* End PBXFileReference section */

/* Begin PBXFrameworksBuildPhase section */
		0E40FE251C0702EC00ACB6F6 /* Frameworks */ = {
			isa = PBXFrameworksBuildPhase;
			buildActionMask = 2147483647;
			files = (
			);
			runOnlyForDeploymentPostprocessing = 0;
		};
/* End PBXFrameworksBuildPhase section */

/* Begin PBXGroup section */
		0E40FE1F1C0702EC00ACB6F6 = {
			isa = PBXGroup;
			children = (
				0E40FE2A1C0702EC00ACB6F6 /* RemindMe */,
				0E40FE291C0702EC00ACB6F6 /* Products */,
			);
			sourceTree = "<group>";
		};
		0E40FE291C0702EC00ACB6F6 /* Products */ = {
			isa = PBXGroup;
			children = (
				0E40FE281C0702EC00ACB6F6 /* RemindMe.app */,
			);
			name = Products;
			sourceTree = "<group>";
		};
		0E40FE2A1C0702EC00ACB6F6 /* RemindMe */ = {
			isa = PBXGroup;
			children = (
				0E40FE3D1C07114100ACB6F6 /* iCloudReminderManager.swift */,
				0E40FE2B1C0702EC00ACB6F6 /* AppDelegate.swift */,
				0E40FE2D1C0702EC00ACB6F6 /* RemindMeViewController.swift */,
				0E40FE2F1C0702EC00ACB6F6 /* Main.storyboard */,
				0E40FE321C0702EC00ACB6F6 /* Assets.xcassets */,
				0E40FE371C0702EC00ACB6F6 /* Info.plist */,
				0E40FE3F1C0711BB00ACB6F6 /* SettingsViewController.swift */,
				0EE685851C0C656100E3317D /* Constants.swift */,
				0E565C711C0DAA7700057488 /* RemindMeTableViewCell.swift */,
				0E8B72B81C153D69000C71D7 /* NSDateManager.swift */,
				0E27BF4E1C16E5BC0053D90D /* RemindMeEditViewController.swift */,
				0E1DE2981C22B8950041D864 /* EKAlarmManager.swift */,
			);
			path = RemindMe;
			sourceTree = "<group>";
		};
/* End PBXGroup section */

/* Begin PBXNativeTarget section */
		0E40FE271C0702EC00ACB6F6 /* RemindMe */ = {
			isa = PBXNativeTarget;
			buildConfigurationList = 0E40FE3A1C0702EC00ACB6F6 /* Build configuration list for PBXNativeTarget "RemindMe" */;
			buildPhases = (
				0E40FE241C0702EC00ACB6F6 /* Sources */,
				0E40FE251C0702EC00ACB6F6 /* Frameworks */,
				0E40FE261C0702EC00ACB6F6 /* Resources */,
			);
			buildRules = (
			);
			dependencies = (
			);
			name = RemindMe;
			productName = RemindMe;
			productReference = 0E40FE281C0702EC00ACB6F6 /* RemindMe.app */;
			productType = "com.apple.product-type.application";
		};
/* End PBXNativeTarget section */

/* Begin PBXProject section */
		0E40FE201C0702EC00ACB6F6 /* Project object */ = {
			isa = PBXProject;
			attributes = {
				LastSwiftUpdateCheck = 0710;
				LastUpgradeCheck = 0710;
				ORGANIZATIONNAME = "Stephen Haxby";
				TargetAttributes = {
					0E40FE271C0702EC00ACB6F6 = {
						CreatedOnToolsVersion = 7.1;
						DevelopmentTeam = BWGHTFZGRF;
					};
				};
			};
			buildConfigurationList = 0E40FE231C0702EC00ACB6F6 /* Build configuration list for PBXProject "RemindMe" */;
			compatibilityVersion = "Xcode 3.2";
			developmentRegion = English;
			hasScannedForEncodings = 0;
			knownRegions = (
				en,
				Base,
			);
			mainGroup = 0E40FE1F1C0702EC00ACB6F6;
			productRefGroup = 0E40FE291C0702EC00ACB6F6 /* Products */;
			projectDirPath = "";
			projectRoot = "";
			targets = (
				0E40FE271C0702EC00ACB6F6 /* RemindMe */,
			);
		};
/* End PBXProject section */

/* Begin PBXResourcesBuildPhase section */
		0E40FE261C0702EC00ACB6F6 /* Resources */ = {
			isa = PBXResourcesBuildPhase;
			buildActionMask = 2147483647;
			files = (
				0E40FE331C0702EC00ACB6F6 /* Assets.xcassets in Resources */,
				0E40FE311C0702EC00ACB6F6 /* Main.storyboard in Resources */,
			);
			runOnlyForDeploymentPostprocessing = 0;
		};
/* End PBXResourcesBuildPhase section */

/* Begin PBXSourcesBuildPhase section */
		0E40FE241C0702EC00ACB6F6 /* Sources */ = {
			isa = PBXSourcesBuildPhase;
			buildActionMask = 2147483647;
			files = (
				0E8B72B91C153D69000C71D7 /* NSDateManager.swift in Sources */,
				0EE685861C0C656100E3317D /* Constants.swift in Sources */,
				0E1DE2991C22B8950041D864 /* EKAlarmManager.swift in Sources */,
				0E27BF4F1C16E5BC0053D90D /* RemindMeEditViewController.swift in Sources */,
				0E40FE2E1C0702EC00ACB6F6 /* RemindMeViewController.swift in Sources */,
				0E40FE3E1C07114200ACB6F6 /* iCloudReminderManager.swift in Sources */,
				0E40FE2C1C0702EC00ACB6F6 /* AppDelegate.swift in Sources */,
				0E565C721C0DAA7700057488 /* RemindMeTableViewCell.swift in Sources */,
				0E40FE401C0711BB00ACB6F6 /* SettingsViewController.swift in Sources */,
			);
			runOnlyForDeploymentPostprocessing = 0;
		};
/* End PBXSourcesBuildPhase section */

/* Begin PBXVariantGroup section */
		0E40FE2F1C0702EC00ACB6F6 /* Main.storyboard */ = {
			isa = PBXVariantGroup;
			children = (
				0E40FE301C0702EC00ACB6F6 /* Base */,
			);
			name = Main.storyboard;
			sourceTree = "<group>";
		};
/* End PBXVariantGroup section */

/* Begin XCBuildConfiguration section */
		0E40FE381C0702EC00ACB6F6 /* Debug */ = {
			isa = XCBuildConfiguration;
			buildSettings = {
				ALWAYS_SEARCH_USER_PATHS = NO;
				CLANG_CXX_LANGUAGE_STANDARD = "gnu++0x";
				CLANG_CXX_LIBRARY = "libc++";
				CLANG_ENABLE_MODULES = YES;
				CLANG_ENABLE_OBJC_ARC = YES;
				CLANG_WARN_BOOL_CONVERSION = YES;
				CLANG_WARN_CONSTANT_CONVERSION = YES;
				CLANG_WARN_DIRECT_OBJC_ISA_USAGE = YES_ERROR;
				CLANG_WARN_EMPTY_BODY = YES;
				CLANG_WARN_ENUM_CONVERSION = YES;
				CLANG_WARN_INT_CONVERSION = YES;
				CLANG_WARN_OBJC_ROOT_CLASS = YES_ERROR;
				CLANG_WARN_UNREACHABLE_CODE = YES;
				CLANG_WARN__DUPLICATE_METHOD_MATCH = YES;
				"CODE_SIGN_IDENTITY[sdk=iphoneos*]" = "iPhone Developer";
				COPY_PHASE_STRIP = NO;
				DEBUG_INFORMATION_FORMAT = dwarf;
				ENABLE_STRICT_OBJC_MSGSEND = YES;
				ENABLE_TESTABILITY = YES;
				GCC_C_LANGUAGE_STANDARD = gnu99;
				GCC_DYNAMIC_NO_PIC = NO;
				GCC_NO_COMMON_BLOCKS = YES;
				GCC_OPTIMIZATION_LEVEL = 0;
				GCC_PREPROCESSOR_DEFINITIONS = (
					"DEBUG=1",
					"$(inherited)",
				);
				GCC_WARN_64_TO_32_BIT_CONVERSION = YES;
				GCC_WARN_ABOUT_RETURN_TYPE = YES_ERROR;
				GCC_WARN_UNDECLARED_SELECTOR = YES;
				GCC_WARN_UNINITIALIZED_AUTOS = YES_AGGRESSIVE;
				GCC_WARN_UNUSED_FUNCTION = YES;
				GCC_WARN_UNUSED_VARIABLE = YES;
				IPHONEOS_DEPLOYMENT_TARGET = 9.1;
				MTL_ENABLE_DEBUG_INFO = YES;
				ONLY_ACTIVE_ARCH = YES;
				SDKROOT = iphoneos;
				SWIFT_OPTIMIZATION_LEVEL = "-Onone";
			};
			name = Debug;
		};
		0E40FE391C0702EC00ACB6F6 /* Release */ = {
			isa = XCBuildConfiguration;
			buildSettings = {
				ALWAYS_SEARCH_USER_PATHS = NO;
				CLANG_CXX_LANGUAGE_STANDARD = "gnu++0x";
				CLANG_CXX_LIBRARY = "libc++";
				CLANG_ENABLE_MODULES = YES;
				CLANG_ENABLE_OBJC_ARC = YES;
				CLANG_WARN_BOOL_CONVERSION = YES;
				CLANG_WARN_CONSTANT_CONVERSION = YES;
				CLANG_WARN_DIRECT_OBJC_ISA_USAGE = YES_ERROR;
				CLANG_WARN_EMPTY_BODY = YES;
				CLANG_WARN_ENUM_CONVERSION = YES;
				CLANG_WARN_INT_CONVERSION = YES;
				CLANG_WARN_OBJC_ROOT_CLASS = YES_ERROR;
				CLANG_WARN_UNREACHABLE_CODE = YES;
				CLANG_WARN__DUPLICATE_METHOD_MATCH = YES;
				"CODE_SIGN_IDENTITY[sdk=iphoneos*]" = "iPhone Developer";
				COPY_PHASE_STRIP = NO;
				DEBUG_INFORMATION_FORMAT = "dwarf-with-dsym";
				ENABLE_NS_ASSERTIONS = NO;
				ENABLE_STRICT_OBJC_MSGSEND = YES;
				GCC_C_LANGUAGE_STANDARD = gnu99;
				GCC_NO_COMMON_BLOCKS = YES;
				GCC_WARN_64_TO_32_BIT_CONVERSION = YES;
				GCC_WARN_ABOUT_RETURN_TYPE = YES_ERROR;
				GCC_WARN_UNDECLARED_SELECTOR = YES;
				GCC_WARN_UNINITIALIZED_AUTOS = YES_AGGRESSIVE;
				GCC_WARN_UNUSED_FUNCTION = YES;
				GCC_WARN_UNUSED_VARIABLE = YES;
				IPHONEOS_DEPLOYMENT_TARGET = 9.1;
				MTL_ENABLE_DEBUG_INFO = NO;
				SDKROOT = iphoneos;
				VALIDATE_PRODUCT = YES;
			};
			name = Release;
		};
		0E40FE3B1C0702EC00ACB6F6 /* Debug */ = {
			isa = XCBuildConfiguration;
			buildSettings = {
				ASSETCATALOG_COMPILER_APPICON_NAME = AppIcon;
				INFOPLIST_FILE = RemindMe/Info.plist;
				LD_RUNPATH_SEARCH_PATHS = "$(inherited) @executable_path/Frameworks";
				PRODUCT_BUNDLE_IDENTIFIER = com.MyCompany.RemindMe;
				PRODUCT_NAME = "$(TARGET_NAME)";
			};
			name = Debug;
		};
		0E40FE3C1C0702EC00ACB6F6 /* Release */ = {
			isa = XCBuildConfiguration;
			buildSettings = {
				ASSETCATALOG_COMPILER_APPICON_NAME = AppIcon;
				INFOPLIST_FILE = RemindMe/Info.plist;
				LD_RUNPATH_SEARCH_PATHS = "$(inherited) @executable_path/Frameworks";
				PRODUCT_BUNDLE_IDENTIFIER = com.MyCompany.RemindMe;
				PRODUCT_NAME = "$(TARGET_NAME)";
			};
			name = Release;
		};
/* End XCBuildConfiguration section */

/* Begin XCConfigurationList section */
		0E40FE231C0702EC00ACB6F6 /* Build configuration list for PBXProject "RemindMe" */ = {
			isa = XCConfigurationList;
			buildConfigurations = (
				0E40FE381C0702EC00ACB6F6 /* Debug */,
				0E40FE391C0702EC00ACB6F6 /* Release */,
			);
			defaultConfigurationIsVisible = 0;
			defaultConfigurationName = Release;
		};
		0E40FE3A1C0702EC00ACB6F6 /* Build configuration list for PBXNativeTarget "RemindMe" */ = {
			isa = XCConfigurationList;
			buildConfigurations = (
				0E40FE3B1C0702EC00ACB6F6 /* Debug */,
				0E40FE3C1C0702EC00ACB6F6 /* Release */,
			);
			defaultConfigurationIsVisible = 0;
			defaultConfigurationName = Release;
		};
/* End XCConfigurationList section */
	};
	rootObject = 0E40FE201C0702EC00ACB6F6 /* Project object */;
}
